// !$*UTF8*$!
{
	archiveVersion = 1;
	classes = {
	};
	objectVersion = 46;
	objects = {

/* Begin PBXBuildFile section */
		53DA868219C97B84006ED5B7 /* Foundation.framework in Frameworks */ = {isa = PBXBuildFile; fileRef = 53DA868119C97B84006ED5B7 /* Foundation.framework */; };
		53DA868419C97B84006ED5B7 /* CoreGraphics.framework in Frameworks */ = {isa = PBXBuildFile; fileRef = 53DA868319C97B84006ED5B7 /* CoreGraphics.framework */; };
		53DA868619C97B84006ED5B7 /* UIKit.framework in Frameworks */ = {isa = PBXBuildFile; fileRef = 53DA868519C97B84006ED5B7 /* UIKit.framework */; };
		53DA868C19C97B84006ED5B7 /* InfoPlist.strings in Resources */ = {isa = PBXBuildFile; fileRef = 53DA868A19C97B84006ED5B7 /* InfoPlist.strings */; };
		53DA868E19C97B84006ED5B7 /* main.m in Sources */ = {isa = PBXBuildFile; fileRef = 53DA868D19C97B84006ED5B7 /* main.m */; };
		53DA869219C97B84006ED5B7 /* CCAppDelegate.m in Sources */ = {isa = PBXBuildFile; fileRef = 53DA869119C97B84006ED5B7 /* CCAppDelegate.m */; };
		53DA869519C97B84006ED5B7 /* Main.storyboard in Resources */ = {isa = PBXBuildFile; fileRef = 53DA869319C97B84006ED5B7 /* Main.storyboard */; };
		53DA869819C97B84006ED5B7 /* CCViewController.m in Sources */ = {isa = PBXBuildFile; fileRef = 53DA869719C97B84006ED5B7 /* CCViewController.m */; };
		53DA869A19C97B84006ED5B7 /* Images.xcassets in Resources */ = {isa = PBXBuildFile; fileRef = 53DA869919C97B84006ED5B7 /* Images.xcassets */; };
		53DA86A119C97B84006ED5B7 /* XCTest.framework in Frameworks */ = {isa = PBXBuildFile; fileRef = 53DA86A019C97B84006ED5B7 /* XCTest.framework */; };
		53DA86A219C97B84006ED5B7 /* Foundation.framework in Frameworks */ = {isa = PBXBuildFile; fileRef = 53DA868119C97B84006ED5B7 /* Foundation.framework */; };
		53DA86A319C97B84006ED5B7 /* UIKit.framework in Frameworks */ = {isa = PBXBuildFile; fileRef = 53DA868519C97B84006ED5B7 /* UIKit.framework */; };
		53DA86AB19C97B84006ED5B7 /* InfoPlist.strings in Resources */ = {isa = PBXBuildFile; fileRef = 53DA86A919C97B84006ED5B7 /* InfoPlist.strings */; };
		53DA86AD19C97B84006ED5B7 /* World_Map_Challenge_Solution__V131Tests.m in Sources */ = {isa = PBXBuildFile; fileRef = 53DA86AC19C97B84006ED5B7 /* World_Map_Challenge_Solution__V131Tests.m */; };
		53DA86B719C9AB07006ED5B7 /* worldMap.jpeg in Resources */ = {isa = PBXBuildFile; fileRef = 53DA86B619C9AB07006ED5B7 /* worldMap.jpeg */; };
/* End PBXBuildFile section */

/* Begin PBXContainerItemProxy section */
		53DA86A419C97B84006ED5B7 /* PBXContainerItemProxy */ = {
			isa = PBXContainerItemProxy;
			containerPortal = 53DA867619C97B84006ED5B7 /* Project object */;
			proxyType = 1;
			remoteGlobalIDString = 53DA867D19C97B84006ED5B7;
			remoteInfo = "World Map Challenge Solution- V131";
		};
/* End PBXContainerItemProxy section */

/* Begin PBXFileReference section */
		53DA867E19C97B84006ED5B7 /* World Map Challenge Solution- V131.app */ = {isa = PBXFileReference; explicitFileType = wrapper.application; includeInIndex = 0; path = "World Map Challenge Solution- V131.app"; sourceTree = BUILT_PRODUCTS_DIR; };
		53DA868119C97B84006ED5B7 /* Foundation.framework */ = {isa = PBXFileReference; lastKnownFileType = wrapper.framework; name = Foundation.framework; path = System/Library/Frameworks/Foundation.framework; sourceTree = SDKROOT; };
		53DA868319C97B84006ED5B7 /* CoreGraphics.framework */ = {isa = PBXFileReference; lastKnownFileType = wrapper.framework; name = CoreGraphics.framework; path = System/Library/Frameworks/CoreGraphics.framework; sourceTree = SDKROOT; };
		53DA868519C97B84006ED5B7 /* UIKit.framework */ = {isa = PBXFileReference; lastKnownFileType = wrapper.framework; name = UIKit.framework; path = System/Library/Frameworks/UIKit.framework; sourceTree = SDKROOT; };
		53DA868919C97B84006ED5B7 /* World Map Challenge Solution- V131-Info.plist */ = {isa = PBXFileReference; lastKnownFileType = text.plist.xml; path = "World Map Challenge Solution- V131-Info.plist"; sourceTree = "<group>"; };
		53DA868B19C97B84006ED5B7 /* en */ = {isa = PBXFileReference; lastKnownFileType = text.plist.strings; name = en; path = en.lproj/InfoPlist.strings; sourceTree = "<group>"; };
		53DA868D19C97B84006ED5B7 /* main.m */ = {isa = PBXFileReference; lastKnownFileType = sourcecode.c.objc; path = main.m; sourceTree = "<group>"; };
		53DA868F19C97B84006ED5B7 /* World Map Challenge Solution- V131-Prefix.pch */ = {isa = PBXFileReference; lastKnownFileType = sourcecode.c.h; path = "World Map Challenge Solution- V131-Prefix.pch"; sourceTree = "<group>"; };
		53DA869019C97B84006ED5B7 /* CCAppDelegate.h */ = {isa = PBXFileReference; lastKnownFileType = sourcecode.c.h; path = CCAppDelegate.h; sourceTree = "<group>"; };
		53DA869119C97B84006ED5B7 /* CCAppDelegate.m */ = {isa = PBXFileReference; lastKnownFileType = sourcecode.c.objc; path = CCAppDelegate.m; sourceTree = "<group>"; };
		53DA869419C97B84006ED5B7 /* Base */ = {isa = PBXFileReference; lastKnownFileType = file.storyboard; name = Base; path = Base.lproj/Main.storyboard; sourceTree = "<group>"; };
		53DA869619C97B84006ED5B7 /* CCViewController.h */ = {isa = PBXFileReference; lastKnownFileType = sourcecode.c.h; path = CCViewController.h; sourceTree = "<group>"; };
		53DA869719C97B84006ED5B7 /* CCViewController.m */ = {isa = PBXFileReference; lastKnownFileType = sourcecode.c.objc; path = CCViewController.m; sourceTree = "<group>"; };
		53DA869919C97B84006ED5B7 /* Images.xcassets */ = {isa = PBXFileReference; lastKnownFileType = folder.assetcatalog; path = Images.xcassets; sourceTree = "<group>"; };
		53DA869F19C97B84006ED5B7 /* World Map Challenge Solution- V131Tests.xctest */ = {isa = PBXFileReference; explicitFileType = wrapper.cfbundle; includeInIndex = 0; path = "World Map Challenge Solution- V131Tests.xctest"; sourceTree = BUILT_PRODUCTS_DIR; };
		53DA86A019C97B84006ED5B7 /* XCTest.framework */ = {isa = PBXFileReference; lastKnownFileType = wrapper.framework; name = XCTest.framework; path = Library/Frameworks/XCTest.framework; sourceTree = DEVELOPER_DIR; };
		53DA86A819C97B84006ED5B7 /* World Map Challenge Solution- V131Tests-Info.plist */ = {isa = PBXFileReference; lastKnownFileType = text.plist.xml; path = "World Map Challenge Solution- V131Tests-Info.plist"; sourceTree = "<group>"; };
		53DA86AA19C97B84006ED5B7 /* en */ = {isa = PBXFileReference; lastKnownFileType = text.plist.strings; name = en; path = en.lproj/InfoPlist.strings; sourceTree = "<group>"; };
		53DA86AC19C97B84006ED5B7 /* World_Map_Challenge_Solution__V131Tests.m */ = {isa = PBXFileReference; lastKnownFileType = sourcecode.c.objc; path = World_Map_Challenge_Solution__V131Tests.m; sourceTree = "<group>"; };
		53DA86B619C9AB07006ED5B7 /* worldMap.jpeg */ = {isa = PBXFileReference; lastKnownFileType = image.jpeg; path = worldMap.jpeg; sourceTree = "<group>"; };
/* End PBXFileReference section */

/* Begin PBXFrameworksBuildPhase section */
		53DA867B19C97B84006ED5B7 /* Frameworks */ = {
			isa = PBXFrameworksBuildPhase;
			buildActionMask = 2147483647;
			files = (
				53DA868419C97B84006ED5B7 /* CoreGraphics.framework in Frameworks */,
				53DA868619C97B84006ED5B7 /* UIKit.framework in Frameworks */,
				53DA868219C97B84006ED5B7 /* Foundation.framework in Frameworks */,
			);
			runOnlyForDeploymentPostprocessing = 0;
		};
		53DA869C19C97B84006ED5B7 /* Frameworks */ = {
			isa = PBXFrameworksBuildPhase;
			buildActionMask = 2147483647;
			files = (
				53DA86A119C97B84006ED5B7 /* XCTest.framework in Frameworks */,
				53DA86A319C97B84006ED5B7 /* UIKit.framework in Frameworks */,
				53DA86A219C97B84006ED5B7 /* Foundation.framework in Frameworks */,
			);
			runOnlyForDeploymentPostprocessing = 0;
		};
/* End PBXFrameworksBuildPhase section */

/* Begin PBXGroup section */
		53DA867519C97B84006ED5B7 = {
			isa = PBXGroup;
			children = (
				53DA868719C97B84006ED5B7 /* World Map Challenge Solution- V131 */,
				53DA86A619C97B84006ED5B7 /* World Map Challenge Solution- V131Tests */,
				53DA868019C97B84006ED5B7 /* Frameworks */,
				53DA867F19C97B84006ED5B7 /* Products */,
			);
			sourceTree = "<group>";
		};
		53DA867F19C97B84006ED5B7 /* Products */ = {
			isa = PBXGroup;
			children = (
				53DA867E19C97B84006ED5B7 /* World Map Challenge Solution- V131.app */,
				53DA869F19C97B84006ED5B7 /* World Map Challenge Solution- V131Tests.xctest */,
			);
			name = Products;
			sourceTree = "<group>";
		};
		53DA868019C97B84006ED5B7 /* Frameworks */ = {
			isa = PBXGroup;
			children = (
				53DA868119C97B84006ED5B7 /* Foundation.framework */,
				53DA868319C97B84006ED5B7 /* CoreGraphics.framework */,
				53DA868519C97B84006ED5B7 /* UIKit.framework */,
				53DA86A019C97B84006ED5B7 /* XCTest.framework */,
			);
			name = Frameworks;
			sourceTree = "<group>";
		};
		53DA868719C97B84006ED5B7 /* World Map Challenge Solution- V131 */ = {
			isa = PBXGroup;
			children = (
				53DA869019C97B84006ED5B7 /* CCAppDelegate.h */,
				53DA869119C97B84006ED5B7 /* CCAppDelegate.m */,
				53DA869319C97B84006ED5B7 /* Main.storyboard */,
				53DA869619C97B84006ED5B7 /* CCViewController.h */,
				53DA869719C97B84006ED5B7 /* CCViewController.m */,
				53DA869919C97B84006ED5B7 /* Images.xcassets */,
				53DA868819C97B84006ED5B7 /* Supporting Files */,
			);
			path = "World Map Challenge Solution- V131";
			sourceTree = "<group>";
		};
		53DA868819C97B84006ED5B7 /* Supporting Files */ = {
			isa = PBXGroup;
			children = (
				53DA86B619C9AB07006ED5B7 /* worldMap.jpeg */,
				53DA868919C97B84006ED5B7 /* World Map Challenge Solution- V131-Info.plist */,
				53DA868A19C97B84006ED5B7 /* InfoPlist.strings */,
				53DA868D19C97B84006ED5B7 /* main.m */,
				53DA868F19C97B84006ED5B7 /* World Map Challenge Solution- V131-Prefix.pch */,
			);
			name = "Supporting Files";
			sourceTree = "<group>";
		};
		53DA86A619C97B84006ED5B7 /* World Map Challenge Solution- V131Tests */ = {
			isa = PBXGroup;
			children = (
				53DA86AC19C97B84006ED5B7 /* World_Map_Challenge_Solution__V131Tests.m */,
				53DA86A719C97B84006ED5B7 /* Supporting Files */,
			);
			path = "World Map Challenge Solution- V131Tests";
			sourceTree = "<group>";
		};
		53DA86A719C97B84006ED5B7 /* Supporting Files */ = {
			isa = PBXGroup;
			children = (
				53DA86A819C97B84006ED5B7 /* World Map Challenge Solution- V131Tests-Info.plist */,
				53DA86A919C97B84006ED5B7 /* InfoPlist.strings */,
			);
			name = "Supporting Files";
			sourceTree = "<group>";
		};
/* End PBXGroup section */

/* Begin PBXNativeTarget section */
		53DA867D19C97B84006ED5B7 /* World Map Challenge Solution- V131 */ = {
			isa = PBXNativeTarget;
			buildConfigurationList = 53DA86B019C97B84006ED5B7 /* Build configuration list for PBXNativeTarget "World Map Challenge Solution- V131" */;
			buildPhases = (
				53DA867A19C97B84006ED5B7 /* Sources */,
				53DA867B19C97B84006ED5B7 /* Frameworks */,
				53DA867C19C97B84006ED5B7 /* Resources */,
			);
			buildRules = (
			);
			dependencies = (
			);
			name = "World Map Challenge Solution- V131";
			productName = "World Map Challenge Solution- V131";
			productReference = 53DA867E19C97B84006ED5B7 /* World Map Challenge Solution- V131.app */;
			productType = "com.apple.product-type.application";
		};
		53DA869E19C97B84006ED5B7 /* World Map Challenge Solution- V131Tests */ = {
			isa = PBXNativeTarget;
			buildConfigurationList = 53DA86B319C97B84006ED5B7 /* Build configuration list for PBXNativeTarget "World Map Challenge Solution- V131Tests" */;
			buildPhases = (
				53DA869B19C97B84006ED5B7 /* Sources */,
				53DA869C19C97B84006ED5B7 /* Frameworks */,
				53DA869D19C97B84006ED5B7 /* Resources */,
			);
			buildRules = (
			);
			dependencies = (
				53DA86A519C97B84006ED5B7 /* PBXTargetDependency */,
			);
			name = "World Map Challenge Solution- V131Tests";
			productName = "World Map Challenge Solution- V131Tests";
			productReference = 53DA869F19C97B84006ED5B7 /* World Map Challenge Solution- V131Tests.xctest */;
			productType = "com.apple.product-type.bundle.unit-test";
		};
/* End PBXNativeTarget section */

/* Begin PBXProject section */
		53DA867619C97B84006ED5B7 /* Project object */ = {
			isa = PBXProject;
			attributes = {
				CLASSPREFIX = CC;
				LastUpgradeCheck = 0510;
				TargetAttributes = {
					53DA869E19C97B84006ED5B7 = {
						TestTargetID = 53DA867D19C97B84006ED5B7;
					};
				};
			};
			buildConfigurationList = 53DA867919C97B84006ED5B7 /* Build configuration list for PBXProject "World Map Challenge Solution- V131" */;
			compatibilityVersion = "Xcode 3.2";
			developmentRegion = English;
			hasScannedForEncodings = 0;
			knownRegions = (
				en,
				Base,
			);
			mainGroup = 53DA867519C97B84006ED5B7;
			productRefGroup = 53DA867F19C97B84006ED5B7 /* Products */;
			projectDirPath = "";
			projectRoot = "";
			targets = (
				53DA867D19C97B84006ED5B7 /* World Map Challenge Solution- V131 */,
				53DA869E19C97B84006ED5B7 /* World Map Challenge Solution- V131Tests */,
			);
		};
/* End PBXProject section */

/* Begin PBXResourcesBuildPhase section */
		53DA867C19C97B84006ED5B7 /* Resources */ = {
			isa = PBXResourcesBuildPhase;
			buildActionMask = 2147483647;
			files = (
				53DA869A19C97B84006ED5B7 /* Images.xcassets in Resources */,
				53DA868C19C97B84006ED5B7 /* InfoPlist.strings in Resources */,
				53DA869519C97B84006ED5B7 /* Main.storyboard in Resources */,
				53DA86B719C9AB07006ED5B7 /* worldMap.jpeg in Resources */,
			);
			runOnlyForDeploymentPostprocessing = 0;
		};
		53DA869D19C97B84006ED5B7 /* Resources */ = {
			isa = PBXResourcesBuildPhase;
			buildActionMask = 2147483647;
			files = (
				53DA86AB19C97B84006ED5B7 /* InfoPlist.strings in Resources */,
			);
			runOnlyForDeploymentPostprocessing = 0;
		};
/* End PBXResourcesBuildPhase section */

/* Begin PBXSourcesBuildPhase section */
		53DA867A19C97B84006ED5B7 /* Sources */ = {
			isa = PBXSourcesBuildPhase;
			buildActionMask = 2147483647;
			files = (
				53DA869219C97B84006ED5B7 /* CCAppDelegate.m in Sources */,
				53DA868E19C97B84006ED5B7 /* main.m in Sources */,
				53DA869819C97B84006ED5B7 /* CCViewController.m in Sources */,
			);
			runOnlyForDeploymentPostprocessing = 0;
		};
		53DA869B19C97B84006ED5B7 /* Sources */ = {
			isa = PBXSourcesBuildPhase;
			buildActionMask = 2147483647;
			files = (
				53DA86AD19C97B84006ED5B7 /* World_Map_Challenge_Solution__V131Tests.m in Sources */,
			);
			runOnlyForDeploymentPostprocessing = 0;
		};
/* End PBXSourcesBuildPhase section */

/* Begin PBXTargetDependency section */
		53DA86A519C97B84006ED5B7 /* PBXTargetDependency */ = {
			isa = PBXTargetDependency;
			target = 53DA867D19C97B84006ED5B7 /* World Map Challenge Solution- V131 */;
			targetProxy = 53DA86A419C97B84006ED5B7 /* PBXContainerItemProxy */;
		};
/* End PBXTargetDependency section */

/* Begin PBXVariantGroup section */
		53DA868A19C97B84006ED5B7 /* InfoPlist.strings */ = {
			isa = PBXVariantGroup;
			children = (
				53DA868B19C97B84006ED5B7 /* en */,
			);
			name = InfoPlist.strings;
			sourceTree = "<group>";
		};
		53DA869319C97B84006ED5B7 /* Main.storyboard */ = {
			isa = PBXVariantGroup;
			children = (
				53DA869419C97B84006ED5B7 /* Base */,
			);
			name = Main.storyboard;
			sourceTree = "<group>";
		};
		53DA86A919C97B84006ED5B7 /* InfoPlist.strings */ = {
			isa = PBXVariantGroup;
			children = (
				53DA86AA19C97B84006ED5B7 /* en */,
			);
			name = InfoPlist.strings;
			sourceTree = "<group>";
		};
/* End PBXVariantGroup section */

/* Begin XCBuildConfiguration section */
		53DA86AE19C97B84006ED5B7 /* Debug */ = {
			isa = XCBuildConfiguration;
			buildSettings = {
				ALWAYS_SEARCH_USER_PATHS = NO;
				CLANG_CXX_LANGUAGE_STANDARD = "gnu++0x";
				CLANG_CXX_LIBRARY = "libc++";
				CLANG_ENABLE_MODULES = YES;
				CLANG_ENABLE_OBJC_ARC = YES;
				CLANG_WARN_BOOL_CONVERSION = YES;
				CLANG_WARN_CONSTANT_CONVERSION = YES;
				CLANG_WARN_DIRECT_OBJC_ISA_USAGE = YES_ERROR;
				CLANG_WARN_EMPTY_BODY = YES;
				CLANG_WARN_ENUM_CONVERSION = YES;
				CLANG_WARN_INT_CONVERSION = YES;
				CLANG_WARN_OBJC_ROOT_CLASS = YES_ERROR;
				CLANG_WARN__DUPLICATE_METHOD_MATCH = YES;
				"CODE_SIGN_IDENTITY[sdk=iphoneos*]" = "iPhone Developer";
				COPY_PHASE_STRIP = NO;
				GCC_C_LANGUAGE_STANDARD = gnu99;
				GCC_DYNAMIC_NO_PIC = NO;
				GCC_OPTIMIZATION_LEVEL = 0;
				GCC_PREPROCESSOR_DEFINITIONS = (
					"DEBUG=1",
					"$(inherited)",
				);
				GCC_SYMBOLS_PRIVATE_EXTERN = NO;
				GCC_WARN_64_TO_32_BIT_CONVERSION = YES;
				GCC_WARN_ABOUT_RETURN_TYPE = YES_ERROR;
				GCC_WARN_UNDECLARED_SELECTOR = YES;
				GCC_WARN_UNINITIALIZED_AUTOS = YES_AGGRESSIVE;
				GCC_WARN_UNUSED_FUNCTION = YES;
				GCC_WARN_UNUSED_VARIABLE = YES;
				IPHONEOS_DEPLOYMENT_TARGET = 7.1;
				ONLY_ACTIVE_ARCH = YES;
				SDKROOT = iphoneos;
			};
			name = Debug;
		};
		53DA86AF19C97B84006ED5B7 /* Release */ = {
			isa = XCBuildConfiguration;
			buildSettings = {
				ALWAYS_SEARCH_USER_PATHS = NO;
				CLANG_CXX_LANGUAGE_STANDARD = "gnu++0x";
				CLANG_CXX_LIBRARY = "libc++";
				CLANG_ENABLE_MODULES = YES;
				CLANG_ENABLE_OBJC_ARC = YES;
				CLANG_WARN_BOOL_CONVERSION = YES;
				CLANG_WARN_CONSTANT_CONVERSION = YES;
				CLANG_WARN_DIRECT_OBJC_ISA_USAGE = YES_ERROR;
				CLANG_WARN_EMPTY_BODY = YES;
				CLANG_WARN_ENUM_CONVERSION = YES;
				CLANG_WARN_INT_CONVERSION = YES;
				CLANG_WARN_OBJC_ROOT_CLASS = YES_ERROR;
				CLANG_WARN__DUPLICATE_METHOD_MATCH = YES;
				"CODE_SIGN_IDENTITY[sdk=iphoneos*]" = "iPhone Developer";
				COPY_PHASE_STRIP = YES;
				ENABLE_NS_ASSERTIONS = NO;
				GCC_C_LANGUAGE_STANDARD = gnu99;
				GCC_WARN_64_TO_32_BIT_CONVERSION = YES;
				GCC_WARN_ABOUT_RETURN_TYPE = YES_ERROR;
				GCC_WARN_UNDECLARED_SELECTOR = YES;
				GCC_WARN_UNINITIALIZED_AUTOS = YES_AGGRESSIVE;
				GCC_WARN_UNUSED_FUNCTION = YES;
				GCC_WARN_UNUSED_VARIABLE = YES;
				IPHONEOS_DEPLOYMENT_TARGET = 7.1;
				SDKROOT = iphoneos;
				VALIDATE_PRODUCT = YES;
			};
			name = Release;
		};
		53DA86B119C97B84006ED5B7 /* Debug */ = {
			isa = XCBuildConfiguration;
			buildSettings = {
				ASSETCATALOG_COMPILER_APPICON_NAME = AppIcon;
				ASSETCATALOG_COMPILER_LAUNCHIMAGE_NAME = LaunchImage;
				GCC_PRECOMPILE_PREFIX_HEADER = YES;
				GCC_PREFIX_HEADER = "World Map Challenge Solution- V131/World Map Challenge Solution- V131-Prefix.pch";
				INFOPLIST_FILE = "World Map Challenge Solution- V131/World Map Challenge Solution- V131-Info.plist";
				PRODUCT_NAME = "$(TARGET_NAME)";
				WRAPPER_EXTENSION = app;
			};
			name = Debug;
		};
		53DA86B219C97B84006ED5B7 /* Release */ = {
			isa = XCBuildConfiguration;
			buildSettings = {
				ASSETCATALOG_COMPILER_APPICON_NAME = AppIcon;
				ASSETCATALOG_COMPILER_LAUNCHIMAGE_NAME = LaunchImage;
				GCC_PRECOMPILE_PREFIX_HEADER = YES;
				GCC_PREFIX_HEADER = "World Map Challenge Solution- V131/World Map Challenge Solution- V131-Prefix.pch";
				INFOPLIST_FILE = "World Map Challenge Solution- V131/World Map Challenge Solution- V131-Info.plist";
				PRODUCT_NAME = "$(TARGET_NAME)";
				WRAPPER_EXTENSION = app;
			};
			name = Release;
		};
		53DA86B419C97B84006ED5B7 /* Debug */ = {
			isa = XCBuildConfiguration;
			buildSettings = {
				BUNDLE_LOADER = "$(BUILT_PRODUCTS_DIR)/World Map Challenge Solution- V131.app/World Map Challenge Solution- V131";
				FRAMEWORK_SEARCH_PATHS = (
					"$(SDKROOT)/Developer/Library/Frameworks",
					"$(inherited)",
					"$(DEVELOPER_FRAMEWORKS_DIR)",
				);
				GCC_PRECOMPILE_PREFIX_HEADER = YES;
				GCC_PREFIX_HEADER = "World Map Challenge Solution- V131/World Map Challenge Solution- V131-Prefix.pch";
				GCC_PREPROCESSOR_DEFINITIONS = (
					"DEBUG=1",
					"$(inherited)",
				);
				INFOPLIST_FILE = "World Map Challenge Solution- V131Tests/World Map Challenge Solution- V131Tests-Info.plist";
				PRODUCT_NAME = "$(TARGET_NAME)";
				TEST_HOST = "$(BUNDLE_LOADER)";
				WRAPPER_EXTENSION = xctest;
			};
			name = Debug;
		};
		53DA86B519C97B84006ED5B7 /* Release */ = {
			isa = XCBuildConfiguration;
			buildSettings = {
				BUNDLE_LOADER = "$(BUILT_PRODUCTS_DIR)/World Map Challenge Solution- V131.app/World Map Challenge Solution- V131";
				FRAMEWORK_SEARCH_PATHS = (
					"$(SDKROOT)/Developer/Library/Frameworks",
					"$(inherited)",
					"$(DEVELOPER_FRAMEWORKS_DIR)",
				);
				GCC_PRECOMPILE_PREFIX_HEADER = YES;
				GCC_PREFIX_HEADER = "World Map Challenge Solution- V131/World Map Challenge Solution- V131-Prefix.pch";
				INFOPLIST_FILE = "World Map Challenge Solution- V131Tests/World Map Challenge Solution- V131Tests-Info.plist";
				PRODUCT_NAME = "$(TARGET_NAME)";
				TEST_HOST = "$(BUNDLE_LOADER)";
				WRAPPER_EXTENSION = xctest;
			};
			name = Release;
		};
/* End XCBuildConfiguration section */

/* Begin XCConfigurationList section */
		53DA867919C97B84006ED5B7 /* Build configuration list for PBXProject "World Map Challenge Solution- V131" */ = {
			isa = XCConfigurationList;
			buildConfigurations = (
				53DA86AE19C97B84006ED5B7 /* Debug */,
				53DA86AF19C97B84006ED5B7 /* Release */,
			);
			defaultConfigurationIsVisible = 0;
			defaultConfigurationName = Release;
		};
		53DA86B019C97B84006ED5B7 /* Build configuration list for PBXNativeTarget "World Map Challenge Solution- V131" */ = {
			isa = XCConfigurationList;
			buildConfigurations = (
				53DA86B119C97B84006ED5B7 /* Debug */,
				53DA86B219C97B84006ED5B7 /* Release */,
			);
			defaultConfigurationIsVisible = 0;
		};
		53DA86B319C97B84006ED5B7 /* Build configuration list for PBXNativeTarget "World Map Challenge Solution- V131Tests" */ = {
			isa = XCConfigurationList;
			buildConfigurations = (
				53DA86B419C97B84006ED5B7 /* Debug */,
				53DA86B519C97B84006ED5B7 /* Release */,
			);
			defaultConfigurationIsVisible = 0;
		};
/* End XCConfigurationList section */
	};
	rootObject = 53DA867619C97B84006ED5B7 /* Project object */;
}
